
Microsoft Visual Studio Solution File, Format Version 12.00
# Visual Studio Version 17
VisualStudioVersion = 17.3.32804.467
MinimumVisualStudioVersion = 10.0.40219.1
Project("{9A19103F-16F7-4668-BE54-9A1E7A4F7556}") = "InfixToPostfix", "ConsoleApp2\InfixToPostfix.csproj", "{F9412F33-9E82-4245-999E-55E22BFDCB11}"
EndProject
Global
	GlobalSection(SolutionConfigurationPlatforms) = preSolution
		Debug|Any CPU = Debug|Any CPU
		Release|Any CPU = Release|Any CPU
	EndGlobalSection
	GlobalSection(ProjectConfigurationPlatforms) = postSolution
		{F9412F33-9E82-4245-999E-55E22BFDCB11}.Debug|Any CPU.ActiveCfg = Debug|Any CPU
		{F9412F33-9E82-4245-999E-55E22BFDCB11}.Debug|Any CPU.Build.0 = Debug|Any CPU
		{F9412F33-9E82-4245-999E-55E22BFDCB11}.Release|Any CPU.ActiveCfg = Release|Any CPU
		{F9412F33-9E82-4245-999E-55E22BFDCB11}.Release|Any CPU.Build.0 = Release|Any CPU
	EndGlobalSection
	GlobalSection(SolutionProperties) = preSolution
		HideSolutionNode = FALSE
	EndGlobalSection
	GlobalSection(ExtensibilityGlobals) = postSolution
		SolutionGuid = {410CBEDF-91A6-433A-9953-4A0100D48104}
	EndGlobalSection
EndGlobal
